// !$*UTF8*$!
{
	archiveVersion = 1;
	classes = {
	};
	objectVersion = 46;
	objects = {

/* Begin PBXBuildFile section */
		84095E2920A39D3E00623FAF /* AppDelegate.swift in Sources */ = {isa = PBXBuildFile; fileRef = 84095E2820A39D3E00623FAF /* AppDelegate.swift */; };
		84095E2B20A39D3E00623FAF /* ViewController.swift in Sources */ = {isa = PBXBuildFile; fileRef = 84095E2A20A39D3E00623FAF /* ViewController.swift */; };
		84095E2E20A39D3E00623FAF /* Main.storyboard in Resources */ = {isa = PBXBuildFile; fileRef = 84095E2C20A39D3E00623FAF /* Main.storyboard */; };
		84095E3020A39D3E00623FAF /* Assets.xcassets in Resources */ = {isa = PBXBuildFile; fileRef = 84095E2F20A39D3E00623FAF /* Assets.xcassets */; };
		84095E3320A39D3E00623FAF /* LaunchScreen.storyboard in Resources */ = {isa = PBXBuildFile; fileRef = 84095E3120A39D3E00623FAF /* LaunchScreen.storyboard */; };
/* End PBXBuildFile section */

/* Begin PBXFileReference section */
		84095E2520A39D3E00623FAF /* TestRndApp.app */ = {isa = PBXFileReference; explicitFileType = wrapper.application; includeInIndex = 0; path = TestRndApp.app; sourceTree = BUILT_PRODUCTS_DIR; };
		84095E2820A39D3E00623FAF /* AppDelegate.swift */ = {isa = PBXFileReference; lastKnownFileType = sourcecode.swift; path = AppDelegate.swift; sourceTree = "<group>"; };
		84095E2A20A39D3E00623FAF /* ViewController.swift */ = {isa = PBXFileReference; lastKnownFileType = sourcecode.swift; path = ViewController.swift; sourceTree = "<group>"; };
		84095E2D20A39D3E00623FAF /* Base */ = {isa = PBXFileReference; lastKnownFileType = file.storyboard; name = Base; path = Base.lproj/Main.storyboard; sourceTree = "<group>"; };
		84095E2F20A39D3E00623FAF /* Assets.xcassets */ = {isa = PBXFileReference; lastKnownFileType = folder.assetcatalog; path = Assets.xcassets; sourceTree = "<group>"; };
		84095E3220A39D3E00623FAF /* Base */ = {isa = PBXFileReference; lastKnownFileType = file.storyboard; name = Base; path = Base.lproj/LaunchScreen.storyboard; sourceTree = "<group>"; };
		84095E3420A39D3E00623FAF /* Info.plist */ = {isa = PBXFileReference; lastKnownFileType = text.plist.xml; path = Info.plist; sourceTree = "<group>"; };
/* End PBXFileReference section */

/* Begin PBXFrameworksBuildPhase section */
		84095E2220A39D3E00623FAF /* Frameworks */ = {
			isa = PBXFrameworksBuildPhase;
			buildActionMask = 2147483647;
			files = (
			);
			runOnlyForDeploymentPostprocessing = 0;
		};
/* End PBXFrameworksBuildPhase section */

/* Begin PBXGroup section */
		84095E1C20A39D3E00623FAF = {
			isa = PBXGroup;
			children = (
				84095E2720A39D3E00623FAF /* TestRndApp */,
				84095E2620A39D3E00623FAF /* Products */,
			);
			sourceTree = "<group>";
		};
		84095E2620A39D3E00623FAF /* Products */ = {
			isa = PBXGroup;
			children = (
				84095E2520A39D3E00623FAF /* TestRndApp.app */,
			);
			name = Products;
			sourceTree = "<group>";
		};
		84095E2720A39D3E00623FAF /* TestRndApp */ = {
			isa = PBXGroup;
			children = (
				84095E2820A39D3E00623FAF /* AppDelegate.swift */,
				84095E2A20A39D3E00623FAF /* ViewController.swift */,
				84095E2C20A39D3E00623FAF /* Main.storyboard */,
				84095E2F20A39D3E00623FAF /* Assets.xcassets */,
				84095E3120A39D3E00623FAF /* LaunchScreen.storyboard */,
				84095E3420A39D3E00623FAF /* Info.plist */,
			);
			path = TestRndApp;
			sourceTree = "<group>";
		};
/* End PBXGroup section */

/* Begin PBXNativeTarget section */
		84095E2420A39D3E00623FAF /* TestRndApp */ = {
			isa = PBXNativeTarget;
			buildConfigurationList = 84095E3720A39D3E00623FAF /* Build configuration list for PBXNativeTarget "TestRndApp" */;
			buildPhases = (
				84095E2120A39D3E00623FAF /* Sources */,
				84095E2220A39D3E00623FAF /* Frameworks */,
				84095E2320A39D3E00623FAF /* Resources */,
			);
			buildRules = (
			);
			dependencies = (
			);
			name = TestRndApp;
			productName = TestRndApp;
			productReference = 84095E2520A39D3E00623FAF /* TestRndApp.app */;
			productType = "com.apple.product-type.application";
		};
/* End PBXNativeTarget section */

/* Begin PBXProject section */
		84095E1D20A39D3E00623FAF /* Project object */ = {
			isa = PBXProject;
			attributes = {
				LastSwiftUpdateCheck = 0820;
				LastUpgradeCheck = 0820;
				ORGANIZATIONNAME = Admin;
				TargetAttributes = {
					84095E2420A39D3E00623FAF = {
						CreatedOnToolsVersion = 8.2.1;
						ProvisioningStyle = Automatic;
					};
				};
			};
			buildConfigurationList = 84095E2020A39D3E00623FAF /* Build configuration list for PBXProject "TestRndApp" */;
			compatibilityVersion = "Xcode 3.2";
			developmentRegion = English;
			hasScannedForEncodings = 0;
			knownRegions = (
				en,
				Base,
			);
			mainGroup = 84095E1C20A39D3E00623FAF;
			productRefGroup = 84095E2620A39D3E00623FAF /* Products */;
			projectDirPath = "";
			projectRoot = "";
			targets = (
				84095E2420A39D3E00623FAF /* TestRndApp */,
			);
		};
/* End PBXProject section */

/* Begin PBXResourcesBuildPhase section */
		84095E2320A39D3E00623FAF /* Resources */ = {
			isa = PBXResourcesBuildPhase;
			buildActionMask = 2147483647;
			files = (
				84095E3320A39D3E00623FAF /* LaunchScreen.storyboard in Resources */,
				84095E3020A39D3E00623FAF /* Assets.xcassets in Resources */,
				84095E2E20A39D3E00623FAF /* Main.storyboard in Resources */,
			);
			runOnlyForDeploymentPostprocessing = 0;
		};
/* End PBXResourcesBuildPhase section */

/* Begin PBXSourcesBuildPhase section */
		84095E2120A39D3E00623FAF /* Sources */ = {
			isa = PBXSourcesBuildPhase;
			buildActionMask = 2147483647;
			files = (
				84095E2B20A39D3E00623FAF /* ViewController.swift in Sources */,
				84095E2920A39D3E00623FAF /* AppDelegate.swift in Sources */,
			);
			runOnlyForDeploymentPostprocessing = 0;
		};
/* End PBXSourcesBuildPhase section */

/* Begin PBXVariantGroup section */
		84095E2C20A39D3E00623FAF /* Main.storyboard */ = {
			isa = PBXVariantGroup;
			children = (
				84095E2D20A39D3E00623FAF /* Base */,
			);
			name = Main.storyboard;
			sourceTree = "<group>";
		};
		84095E3120A39D3E00623FAF /* LaunchScreen.storyboard */ = {
			isa = PBXVariantGroup;
			children = (
				84095E3220A39D3E00623FAF /* Base */,
			);
			name = LaunchScreen.storyboard;
			sourceTree = "<group>";
		};
/* End PBXVariantGroup section */

/* Begin XCBuildConfiguration section */
		84095E3520A39D3E00623FAF /* Debug */ = {
			isa = XCBuildConfiguration;
			buildSettings = {
				ALWAYS_SEARCH_USER_PATHS = NO;
				CLANG_ANALYZER_NONNULL = YES;
				CLANG_CXX_LANGUAGE_STANDARD = "gnu++0x";
				CLANG_CXX_LIBRARY = "libc++";
				CLANG_ENABLE_MODULES = YES;
				CLANG_ENABLE_OBJC_ARC = YES;
				CLANG_WARN_BOOL_CONVERSION = YES;
				CLANG_WARN_CONSTANT_CONVERSION = YES;
				CLANG_WARN_DIRECT_OBJC_ISA_USAGE = YES_ERROR;
				CLANG_WARN_DOCUMENTATION_COMMENTS = YES;
				CLANG_WARN_EMPTY_BODY = YES;
				CLANG_WARN_ENUM_CONVERSION = YES;
				CLANG_WARN_INFINITE_RECURSION = YES;
				CLANG_WARN_INT_CONVERSION = YES;
				CLANG_WARN_OBJC_ROOT_CLASS = YES_ERROR;
				CLANG_WARN_SUSPICIOUS_MOVE = YES;
				CLANG_WARN_UNREACHABLE_CODE = YES;
				CLANG_WARN__DUPLICATE_METHOD_MATCH = YES;
				"CODE_SIGN_IDENTITY[sdk=iphoneos*]" = "iPhone Developer";
				COPY_PHASE_STRIP = NO;
				DEBUG_INFORMATION_FORMAT = dwarf;
				ENABLE_STRICT_OBJC_MSGSEND = YES;
				ENABLE_TESTABILITY = YES;
				GCC_C_LANGUAGE_STANDARD = gnu99;
				GCC_DYNAMIC_NO_PIC = NO;
				GCC_NO_COMMON_BLOCKS = YES;
				GCC_OPTIMIZATION_LEVEL = 0;
				GCC_PREPROCESSOR_DEFINITIONS = (
					"DEBUG=1",
					"$(inherited)",
				);
				GCC_WARN_64_TO_32_BIT_CONVERSION = YES;
				GCC_WARN_ABOUT_RETURN_TYPE = YES_ERROR;
				GCC_WARN_UNDECLARED_SELECTOR = YES;
				GCC_WARN_UNINITIALIZED_AUTOS = YES_AGGRESSIVE;
				GCC_WARN_UNUSED_FUNCTION = YES;
				GCC_WARN_UNUSED_VARIABLE = YES;
				IPHONEOS_DEPLOYMENT_TARGET = 10.2;
				MTL_ENABLE_DEBUG_INFO = YES;
				ONLY_ACTIVE_ARCH = YES;
				SDKROOT = iphoneos;
				SWIFT_ACTIVE_COMPILATION_CONDITIONS = DEBUG;
				SWIFT_OPTIMIZATION_LEVEL = "-Onone";
				TARGETED_DEVICE_FAMILY = "1,2";
			};
			name = Debug;
		};
		84095E3620A39D3E00623FAF /* Release */ = {
			isa = XCBuildConfiguration;
			buildSettings = {
				ALWAYS_SEARCH_USER_PATHS = NO;
				CLANG_ANALYZER_NONNULL = YES;
				CLANG_CXX_LANGUAGE_STANDARD = "gnu++0x";
				CLANG_CXX_LIBRARY = "libc++";
				CLANG_ENABLE_MODULES = YES;
				CLANG_ENABLE_OBJC_ARC = YES;
				CLANG_WARN_BOOL_CONVERSION = YES;
				CLANG_WARN_CONSTANT_CONVERSION = YES;
				CLANG_WARN_DIRECT_OBJC_ISA_USAGE = YES_ERROR;
				CLANG_WARN_DOCUMENTATION_COMMENTS = YES;
				CLANG_WARN_EMPTY_BODY = YES;
				CLANG_WARN_ENUM_CONVERSION = YES;
				CLANG_WARN_INFINITE_RECURSION = YES;
				CLANG_WARN_INT_CONVERSION = YES;
				CLANG_WARN_OBJC_ROOT_CLASS = YES_ERROR;
				CLANG_WARN_SUSPICIOUS_MOVE = YES;
				CLANG_WARN_UNREACHABLE_CODE = YES;
				CLANG_WARN__DUPLICATE_METHOD_MATCH = YES;
				"CODE_SIGN_IDENTITY[sdk=iphoneos*]" = "iPhone Developer";
				COPY_PHASE_STRIP = NO;
				DEBUG_INFORMATION_FORMAT = "dwarf-with-dsym";
				ENABLE_NS_ASSERTIONS = NO;
				ENABLE_STRICT_OBJC_MSGSEND = YES;
				GCC_C_LANGUAGE_STANDARD = gnu99;
				GCC_NO_COMMON_BLOCKS = YES;
				GCC_WARN_64_TO_32_BIT_CONVERSION = YES;
				GCC_WARN_ABOUT_RETURN_TYPE = YES_ERROR;
				GCC_WARN_UNDECLARED_SELECTOR = YES;
				GCC_WARN_UNINITIALIZED_AUTOS = YES_AGGRESSIVE;
				GCC_WARN_UNUSED_FUNCTION = YES;
				GCC_WARN_UNUSED_VARIABLE = YES;
				IPHONEOS_DEPLOYMENT_TARGET = 10.2;
				MTL_ENABLE_DEBUG_INFO = NO;
				SDKROOT = iphoneos;
				SWIFT_OPTIMIZATION_LEVEL = "-Owholemodule";
				TARGETED_DEVICE_FAMILY = "1,2";
				VALIDATE_PRODUCT = YES;
			};
			name = Release;
		};
		84095E3820A39D3E00623FAF /* Debug */ = {
			isa = XCBuildConfiguration;
			buildSettings = {
				ASSETCATALOG_COMPILER_APPICON_NAME = AppIcon;
				INFOPLIST_FILE = TestRndApp/Info.plist;
				LD_RUNPATH_SEARCH_PATHS = "$(inherited) @executable_path/Frameworks";
				PRODUCT_BUNDLE_IDENTIFIER = com.rnd.test.TestRndApp;
				PRODUCT_NAME = "$(TARGET_NAME)";
				SWIFT_VERSION = 3.0;
			};
			name = Debug;
		};
		84095E3920A39D3E00623FAF /* Release */ = {
			isa = XCBuildConfiguration;
			buildSettings = {
				ASSETCATALOG_COMPILER_APPICON_NAME = AppIcon;
				INFOPLIST_FILE = TestRndApp/Info.plist;
				LD_RUNPATH_SEARCH_PATHS = "$(inherited) @executable_path/Frameworks";
				PRODUCT_BUNDLE_IDENTIFIER = com.rnd.test.TestRndApp;
				PRODUCT_NAME = "$(TARGET_NAME)";
				SWIFT_VERSION = 3.0;
			};
			name = Release;
		};
/* End XCBuildConfiguration section */

/* Begin XCConfigurationList section */
		84095E2020A39D3E00623FAF /* Build configuration list for PBXProject "TestRndApp" */ = {
			isa = XCConfigurationList;
			buildConfigurations = (
				84095E3520A39D3E00623FAF /* Debug */,
				84095E3620A39D3E00623FAF /* Release */,
			);
			defaultConfigurationIsVisible = 0;
			defaultConfigurationName = Release;
		};
		84095E3720A39D3E00623FAF /* Build configuration list for PBXNativeTarget "TestRndApp" */ = {
			isa = XCConfigurationList;
			buildConfigurations = (
				84095E3820A39D3E00623FAF /* Debug */,
				84095E3920A39D3E00623FAF /* Release */,
			);
			defaultConfigurationIsVisible = 0;
		};
/* End XCConfigurationList section */
	};
	rootObject = 84095E1D20A39D3E00623FAF /* Project object */;
}
